lockfileVersion: '6.0'

settings:
  autoInstallPeers: true
  excludeLinksFromLockfile: false

dependencies:
  nanoid:
    specifier: ^5.0.7
    version: 5.0.7
  nanoid-dictionary:
    specifier: ^4.3.0
    version: 4.3.0

packages:

  /nanoid-dictionary@4.3.0:
    resolution: {integrity: sha512-Xw1+/QnRGWO1KJ0rLfU1xR85qXmAHyLbE3TUkklu9gOIDburP6CsUnLmTaNECGpBh5SHb2uPFmx0VT8UPyoeyw==}
    dev: false

  /nanoid@5.0.7:
    resolution: {integrity: sha512-oLxFY2gd2IqnjcYyOXD8XGCftpGtZP2AbHbOkthDkvRywH5ayNtPVy9YlOPcHckXzbLTCHpkb7FB+yuxKV13pQ==}
    engines: {node: ^18 || >=20}
    hasBin: true
    dev: false
